
Microsoft Visual Studio Solution File, Format Version 12.00
# Visual Studio Version 16
VisualStudioVersion = 16.0.31911.196
MinimumVisualStudioVersion = 10.0.40219.1
Project("{FAE04EC0-301F-11D3-BF4B-00C04F79EFBC}") = "PointOfSaleTerminal", "PointOfSaleTerminal\PointOfSaleTerminal.csproj", "{CBB5740F-5B5F-475D-9399-36983D1DD4CF}"
EndProject
Project("{FAE04EC0-301F-11D3-BF4B-00C04F79EFBC}") = "PointOfSaleTerminalTests", "PointOfSaleTerminalTests\PointOfSaleTerminalTests.csproj", "{1E71C071-960C-4C5C-B61A-4F74B6457F86}"
EndProject
Global
	GlobalSection(SolutionConfigurationPlatforms) = preSolution
		Debug|Any CPU = Debug|Any CPU
		Release|Any CPU = Release|Any CPU
	EndGlobalSection
	GlobalSection(ProjectConfigurationPlatforms) = postSolution
		{CBB5740F-5B5F-475D-9399-36983D1DD4CF}.Debug|Any CPU.ActiveCfg = Debug|Any CPU
		{CBB5740F-5B5F-475D-9399-36983D1DD4CF}.Debug|Any CPU.Build.0 = Debug|Any CPU
		{CBB5740F-5B5F-475D-9399-36983D1DD4CF}.Release|Any CPU.ActiveCfg = Release|Any CPU
		{CBB5740F-5B5F-475D-9399-36983D1DD4CF}.Release|Any CPU.Build.0 = Release|Any CPU
		{1E71C071-960C-4C5C-B61A-4F74B6457F86}.Debug|Any CPU.ActiveCfg = Debug|Any CPU
		{1E71C071-960C-4C5C-B61A-4F74B6457F86}.Debug|Any CPU.Build.0 = Debug|Any CPU
		{1E71C071-960C-4C5C-B61A-4F74B6457F86}.Release|Any CPU.ActiveCfg = Release|Any CPU
		{1E71C071-960C-4C5C-B61A-4F74B6457F86}.Release|Any CPU.Build.0 = Release|Any CPU
	EndGlobalSection
	GlobalSection(SolutionProperties) = preSolution
		HideSolutionNode = FALSE
	EndGlobalSection
	GlobalSection(ExtensibilityGlobals) = postSolution
		SolutionGuid = {786FA3B0-A9B0-48EB-AA31-15E2C93EC20A}
	EndGlobalSection
EndGlobal
